// !$*UTF8*$!
{
	archiveVersion = 1;
	classes = {
	};
	objectVersion = 55;
	objects = {

/* Begin PBXBuildFile section */
		8E61E974290191C1007C2F87 /* DataController.swift in Sources */ = {isa = PBXBuildFile; fileRef = 8E61E973290191C1007C2F87 /* DataController.swift */; };
		8E61E9762901B7D4007C2F87 /* Client.swift in Sources */ = {isa = PBXBuildFile; fileRef = 8E61E9752901B7D4007C2F87 /* Client.swift */; };
		8E61E9782901BC29007C2F87 /* FlickrPhotoResponse.swift in Sources */ = {isa = PBXBuildFile; fileRef = 8E61E9772901BC29007C2F87 /* FlickrPhotoResponse.swift */; };
		8E61E97A2901BF6D007C2F87 /* PhotoAlbumCollectionViewCell.swift in Sources */ = {isa = PBXBuildFile; fileRef = 8E61E9792901BF6D007C2F87 /* PhotoAlbumCollectionViewCell.swift */; };
		8EADE2F829006E530058BF45 /* AppDelegate.swift in Sources */ = {isa = PBXBuildFile; fileRef = 8EADE2F729006E530058BF45 /* AppDelegate.swift */; };
		8EADE2FA29006E530058BF45 /* SceneDelegate.swift in Sources */ = {isa = PBXBuildFile; fileRef = 8EADE2F929006E530058BF45 /* SceneDelegate.swift */; };
		8EADE2FC29006E530058BF45 /* TravelLocationsMapViewController.swift in Sources */ = {isa = PBXBuildFile; fileRef = 8EADE2FB29006E530058BF45 /* TravelLocationsMapViewController.swift */; };
		8EADE2FF29006E530058BF45 /* Main.storyboard in Resources */ = {isa = PBXBuildFile; fileRef = 8EADE2FD29006E530058BF45 /* Main.storyboard */; };
		8EADE30429006E570058BF45 /* Assets.xcassets in Resources */ = {isa = PBXBuildFile; fileRef = 8EADE30329006E570058BF45 /* Assets.xcassets */; };
		8EADE30729006E570058BF45 /* LaunchScreen.storyboard in Resources */ = {isa = PBXBuildFile; fileRef = 8EADE30529006E570058BF45 /* LaunchScreen.storyboard */; };
		8EADE310290075CF0058BF45 /* PhotoAlbumViewController.swift in Sources */ = {isa = PBXBuildFile; fileRef = 8EADE30F290075CF0058BF45 /* PhotoAlbumViewController.swift */; };
		8EB9B4A8298566CD004E79B9 /* Virtual Tourist.xcdatamodeld in Sources */ = {isa = PBXBuildFile; fileRef = 8EB9B4A6298566CD004E79B9 /* Virtual Tourist.xcdatamodeld */; };
/* End PBXBuildFile section */

/* Begin PBXFileReference section */
		8E61E973290191C1007C2F87 /* DataController.swift */ = {isa = PBXFileReference; lastKnownFileType = sourcecode.swift; path = DataController.swift; sourceTree = "<group>"; };
		8E61E9752901B7D4007C2F87 /* Client.swift */ = {isa = PBXFileReference; lastKnownFileType = sourcecode.swift; path = Client.swift; sourceTree = "<group>"; };
		8E61E9772901BC29007C2F87 /* FlickrPhotoResponse.swift */ = {isa = PBXFileReference; lastKnownFileType = sourcecode.swift; path = FlickrPhotoResponse.swift; sourceTree = "<group>"; };
		8E61E9792901BF6D007C2F87 /* PhotoAlbumCollectionViewCell.swift */ = {isa = PBXFileReference; lastKnownFileType = sourcecode.swift; path = PhotoAlbumCollectionViewCell.swift; sourceTree = "<group>"; };
		8EADE2F429006E530058BF45 /* Virtual Tourist.app */ = {isa = PBXFileReference; explicitFileType = wrapper.application; includeInIndex = 0; path = "Virtual Tourist.app"; sourceTree = BUILT_PRODUCTS_DIR; };
		8EADE2F729006E530058BF45 /* AppDelegate.swift */ = {isa = PBXFileReference; lastKnownFileType = sourcecode.swift; path = AppDelegate.swift; sourceTree = "<group>"; };
		8EADE2F929006E530058BF45 /* SceneDelegate.swift */ = {isa = PBXFileReference; lastKnownFileType = sourcecode.swift; path = SceneDelegate.swift; sourceTree = "<group>"; };
		8EADE2FB29006E530058BF45 /* TravelLocationsMapViewController.swift */ = {isa = PBXFileReference; lastKnownFileType = sourcecode.swift; path = TravelLocationsMapViewController.swift; sourceTree = "<group>"; };
		8EADE2FE29006E530058BF45 /* Base */ = {isa = PBXFileReference; lastKnownFileType = file.storyboard; name = Base; path = Base.lproj/Main.storyboard; sourceTree = "<group>"; };
		8EADE30329006E570058BF45 /* Assets.xcassets */ = {isa = PBXFileReference; lastKnownFileType = folder.assetcatalog; path = Assets.xcassets; sourceTree = "<group>"; };
		8EADE30629006E570058BF45 /* Base */ = {isa = PBXFileReference; lastKnownFileType = file.storyboard; name = Base; path = Base.lproj/LaunchScreen.storyboard; sourceTree = "<group>"; };
		8EADE30829006E570058BF45 /* Info.plist */ = {isa = PBXFileReference; lastKnownFileType = text.plist.xml; path = Info.plist; sourceTree = "<group>"; };
		8EADE30F290075CF0058BF45 /* PhotoAlbumViewController.swift */ = {isa = PBXFileReference; lastKnownFileType = sourcecode.swift; path = PhotoAlbumViewController.swift; sourceTree = "<group>"; };
		8EB9B4A7298566CD004E79B9 /* Virtual_Tourist_AK_V1_3.xcdatamodel */ = {isa = PBXFileReference; lastKnownFileType = wrapper.xcdatamodel; path = Virtual_Tourist_AK_V1_3.xcdatamodel; sourceTree = "<group>"; };
/* End PBXFileReference section */

/* Begin PBXFrameworksBuildPhase section */
		8EADE2F129006E530058BF45 /* Frameworks */ = {
			isa = PBXFrameworksBuildPhase;
			buildActionMask = 2147483647;
			files = (
			);
			runOnlyForDeploymentPostprocessing = 0;
		};
/* End PBXFrameworksBuildPhase section */

/* Begin PBXGroup section */
		8E61E972290191B0007C2F87 /* Model */ = {
			isa = PBXGroup;
			children = (
				8EB9B4A6298566CD004E79B9 /* Virtual Tourist.xcdatamodeld */,
				8E61E973290191C1007C2F87 /* DataController.swift */,
				8E61E9752901B7D4007C2F87 /* Client.swift */,
				8E61E9772901BC29007C2F87 /* FlickrPhotoResponse.swift */,
			);
			path = Model;
			sourceTree = "<group>";
		};
		8EADE2EB29006E520058BF45 = {
			isa = PBXGroup;
			children = (
				8EADE2F629006E530058BF45 /* Virtual Tourist */,
				8EADE2F529006E530058BF45 /* Products */,
			);
			sourceTree = "<group>";
		};
		8EADE2F529006E530058BF45 /* Products */ = {
			isa = PBXGroup;
			children = (
				8EADE2F429006E530058BF45 /* Virtual Tourist.app */,
			);
			name = Products;
			sourceTree = "<group>";
		};
		8EADE2F629006E530058BF45 /* Virtual Tourist */ = {
			isa = PBXGroup;
			children = (
				8EADE2F729006E530058BF45 /* AppDelegate.swift */,
				8EADE2F929006E530058BF45 /* SceneDelegate.swift */,
				8E61E972290191B0007C2F87 /* Model */,
				8EADE311290076430058BF45 /* View */,
				8EADE30E290075B40058BF45 /* Controller */,
				8EADE30829006E570058BF45 /* Info.plist */,
			);
			path = "Virtual Tourist";
			sourceTree = "<group>";
		};
		8EADE30E290075B40058BF45 /* Controller */ = {
			isa = PBXGroup;
			children = (
				8EADE2FB29006E530058BF45 /* TravelLocationsMapViewController.swift */,
				8EADE30F290075CF0058BF45 /* PhotoAlbumViewController.swift */,
				8E61E9792901BF6D007C2F87 /* PhotoAlbumCollectionViewCell.swift */,
			);
			path = Controller;
			sourceTree = "<group>";
		};
		8EADE311290076430058BF45 /* View */ = {
			isa = PBXGroup;
			children = (
				8EADE2FD29006E530058BF45 /* Main.storyboard */,
				8EADE30329006E570058BF45 /* Assets.xcassets */,
				8EADE30529006E570058BF45 /* LaunchScreen.storyboard */,
			);
			path = View;
			sourceTree = "<group>";
		};
/* End PBXGroup section */

/* Begin PBXNativeTarget section */
		8EADE2F329006E530058BF45 /* Virtual Tourist */ = {
			isa = PBXNativeTarget;
			buildConfigurationList = 8EADE30B29006E570058BF45 /* Build configuration list for PBXNativeTarget "Virtual Tourist" */;
			buildPhases = (
				8EADE2F029006E530058BF45 /* Sources */,
				8EADE2F129006E530058BF45 /* Frameworks */,
				8EADE2F229006E530058BF45 /* Resources */,
			);
			buildRules = (
			);
			dependencies = (
			);
			name = "Virtual Tourist";
			productName = Virtual_Tourist_AK_V1.3;
			productReference = 8EADE2F429006E530058BF45 /* Virtual Tourist.app */;
			productType = "com.apple.product-type.application";
		};
/* End PBXNativeTarget section */

/* Begin PBXProject section */
		8EADE2EC29006E520058BF45 /* Project object */ = {
			isa = PBXProject;
			attributes = {
				BuildIndependentTargetsInParallel = 1;
				LastSwiftUpdateCheck = 1340;
				LastUpgradeCheck = 1340;
				TargetAttributes = {
					8EADE2F329006E530058BF45 = {
						CreatedOnToolsVersion = 13.4.1;
					};
				};
			};
			buildConfigurationList = 8EADE2EF29006E520058BF45 /* Build configuration list for PBXProject "Virtual Tourist" */;
			compatibilityVersion = "Xcode 13.0";
			developmentRegion = en;
			hasScannedForEncodings = 0;
			knownRegions = (
				en,
				Base,
			);
			mainGroup = 8EADE2EB29006E520058BF45;
			productRefGroup = 8EADE2F529006E530058BF45 /* Products */;
			projectDirPath = "";
			projectRoot = "";
			targets = (
				8EADE2F329006E530058BF45 /* Virtual Tourist */,
			);
		};
/* End PBXProject section */

/* Begin PBXResourcesBuildPhase section */
		8EADE2F229006E530058BF45 /* Resources */ = {
			isa = PBXResourcesBuildPhase;
			buildActionMask = 2147483647;
			files = (
				8EADE30729006E570058BF45 /* LaunchScreen.storyboard in Resources */,
				8EADE30429006E570058BF45 /* Assets.xcassets in Resources */,
				8EADE2FF29006E530058BF45 /* Main.storyboard in Resources */,
			);
			runOnlyForDeploymentPostprocessing = 0;
		};
/* End PBXResourcesBuildPhase section */

/* Begin PBXSourcesBuildPhase section */
		8EADE2F029006E530058BF45 /* Sources */ = {
			isa = PBXSourcesBuildPhase;
			buildActionMask = 2147483647;
			files = (
				8E61E9782901BC29007C2F87 /* FlickrPhotoResponse.swift in Sources */,
				8EB9B4A8298566CD004E79B9 /* Virtual Tourist.xcdatamodeld in Sources */,
				8EADE2FC29006E530058BF45 /* TravelLocationsMapViewController.swift in Sources */,
				8E61E9762901B7D4007C2F87 /* Client.swift in Sources */,
				8E61E974290191C1007C2F87 /* DataController.swift in Sources */,
				8EADE2F829006E530058BF45 /* AppDelegate.swift in Sources */,
				8E61E97A2901BF6D007C2F87 /* PhotoAlbumCollectionViewCell.swift in Sources */,
				8EADE2FA29006E530058BF45 /* SceneDelegate.swift in Sources */,
				8EADE310290075CF0058BF45 /* PhotoAlbumViewController.swift in Sources */,
			);
			runOnlyForDeploymentPostprocessing = 0;
		};
/* End PBXSourcesBuildPhase section */

/* Begin PBXVariantGroup section */
		8EADE2FD29006E530058BF45 /* Main.storyboard */ = {
			isa = PBXVariantGroup;
			children = (
				8EADE2FE29006E530058BF45 /* Base */,
			);
			name = Main.storyboard;
			sourceTree = "<group>";
		};
		8EADE30529006E570058BF45 /* LaunchScreen.storyboard */ = {
			isa = PBXVariantGroup;
			children = (
				8EADE30629006E570058BF45 /* Base */,
			);
			name = LaunchScreen.storyboard;
			sourceTree = "<group>";
		};
/* End PBXVariantGroup section */

/* Begin XCBuildConfiguration section */
		8EADE30929006E570058BF45 /* Debug */ = {
			isa = XCBuildConfiguration;
			buildSettings = {
				ALWAYS_SEARCH_USER_PATHS = NO;
				CLANG_ANALYZER_NONNULL = YES;
				CLANG_ANALYZER_NUMBER_OBJECT_CONVERSION = YES_AGGRESSIVE;
				CLANG_CXX_LANGUAGE_STANDARD = "gnu++17";
				CLANG_ENABLE_MODULES = YES;
				CLANG_ENABLE_OBJC_ARC = YES;
				CLANG_ENABLE_OBJC_WEAK = YES;
				CLANG_WARN_BLOCK_CAPTURE_AUTORELEASING = YES;
				CLANG_WARN_BOOL_CONVERSION = YES;
				CLANG_WARN_COMMA = YES;
				CLANG_WARN_CONSTANT_CONVERSION = YES;
				CLANG_WARN_DEPRECATED_OBJC_IMPLEMENTATIONS = YES;
				CLANG_WARN_DIRECT_OBJC_ISA_USAGE = YES_ERROR;
				CLANG_WARN_DOCUMENTATION_COMMENTS = YES;
				CLANG_WARN_EMPTY_BODY = YES;
				CLANG_WARN_ENUM_CONVERSION = YES;
				CLANG_WARN_INFINITE_RECURSION = YES;
				CLANG_WARN_INT_CONVERSION = YES;
				CLANG_WARN_NON_LITERAL_NULL_CONVERSION = YES;
				CLANG_WARN_OBJC_IMPLICIT_RETAIN_SELF = YES;
				CLANG_WARN_OBJC_LITERAL_CONVERSION = YES;
				CLANG_WARN_OBJC_ROOT_CLASS = YES_ERROR;
				CLANG_WARN_QUOTED_INCLUDE_IN_FRAMEWORK_HEADER = YES;
				CLANG_WARN_RANGE_LOOP_ANALYSIS = YES;
				CLANG_WARN_STRICT_PROTOTYPES = YES;
				CLANG_WARN_SUSPICIOUS_MOVE = YES;
				CLANG_WARN_UNGUARDED_AVAILABILITY = YES_AGGRESSIVE;
				CLANG_WARN_UNREACHABLE_CODE = YES;
				CLANG_WARN__DUPLICATE_METHOD_MATCH = YES;
				COPY_PHASE_STRIP = NO;
				DEBUG_INFORMATION_FORMAT = dwarf;
				ENABLE_STRICT_OBJC_MSGSEND = YES;
				ENABLE_TESTABILITY = YES;
				GCC_C_LANGUAGE_STANDARD = gnu11;
				GCC_DYNAMIC_NO_PIC = NO;
				GCC_NO_COMMON_BLOCKS = YES;
				GCC_OPTIMIZATION_LEVEL = 0;
				GCC_PREPROCESSOR_DEFINITIONS = (
					"DEBUG=1",
					"$(inherited)",
				);
				GCC_WARN_64_TO_32_BIT_CONVERSION = YES;
				GCC_WARN_ABOUT_RETURN_TYPE = YES_ERROR;
				GCC_WARN_UNDECLARED_SELECTOR = YES;
				GCC_WARN_UNINITIALIZED_AUTOS = YES_AGGRESSIVE;
				GCC_WARN_UNUSED_FUNCTION = YES;
				GCC_WARN_UNUSED_VARIABLE = YES;
				IPHONEOS_DEPLOYMENT_TARGET = 15.5;
				MTL_ENABLE_DEBUG_INFO = INCLUDE_SOURCE;
				MTL_FAST_MATH = YES;
				ONLY_ACTIVE_ARCH = YES;
				SDKROOT = iphoneos;
				SWIFT_ACTIVE_COMPILATION_CONDITIONS = DEBUG;
				SWIFT_OPTIMIZATION_LEVEL = "-Onone";
			};
			name = Debug;
		};
		8EADE30A29006E570058BF45 /* Release */ = {
			isa = XCBuildConfiguration;
			buildSettings = {
				ALWAYS_SEARCH_USER_PATHS = NO;
				CLANG_ANALYZER_NONNULL = YES;
				CLANG_ANALYZER_NUMBER_OBJECT_CONVERSION = YES_AGGRESSIVE;
				CLANG_CXX_LANGUAGE_STANDARD = "gnu++17";
				CLANG_ENABLE_MODULES = YES;
				CLANG_ENABLE_OBJC_ARC = YES;
				CLANG_ENABLE_OBJC_WEAK = YES;
				CLANG_WARN_BLOCK_CAPTURE_AUTORELEASING = YES;
				CLANG_WARN_BOOL_CONVERSION = YES;
				CLANG_WARN_COMMA = YES;
				CLANG_WARN_CONSTANT_CONVERSION = YES;
				CLANG_WARN_DEPRECATED_OBJC_IMPLEMENTATIONS = YES;
				CLANG_WARN_DIRECT_OBJC_ISA_USAGE = YES_ERROR;
				CLANG_WARN_DOCUMENTATION_COMMENTS = YES;
				CLANG_WARN_EMPTY_BODY = YES;
				CLANG_WARN_ENUM_CONVERSION = YES;
				CLANG_WARN_INFINITE_RECURSION = YES;
				CLANG_WARN_INT_CONVERSION = YES;
				CLANG_WARN_NON_LITERAL_NULL_CONVERSION = YES;
				CLANG_WARN_OBJC_IMPLICIT_RETAIN_SELF = YES;
				CLANG_WARN_OBJC_LITERAL_CONVERSION = YES;
				CLANG_WARN_OBJC_ROOT_CLASS = YES_ERROR;
				CLANG_WARN_QUOTED_INCLUDE_IN_FRAMEWORK_HEADER = YES;
				CLANG_WARN_RANGE_LOOP_ANALYSIS = YES;
				CLANG_WARN_STRICT_PROTOTYPES = YES;
				CLANG_WARN_SUSPICIOUS_MOVE = YES;
				CLANG_WARN_UNGUARDED_AVAILABILITY = YES_AGGRESSIVE;
				CLANG_WARN_UNREACHABLE_CODE = YES;
				CLANG_WARN__DUPLICATE_METHOD_MATCH = YES;
				COPY_PHASE_STRIP = NO;
				DEBUG_INFORMATION_FORMAT = "dwarf-with-dsym";
				ENABLE_NS_ASSERTIONS = NO;
				ENABLE_STRICT_OBJC_MSGSEND = YES;
				GCC_C_LANGUAGE_STANDARD = gnu11;
				GCC_NO_COMMON_BLOCKS = YES;
				GCC_WARN_64_TO_32_BIT_CONVERSION = YES;
				GCC_WARN_ABOUT_RETURN_TYPE = YES_ERROR;
				GCC_WARN_UNDECLARED_SELECTOR = YES;
				GCC_WARN_UNINITIALIZED_AUTOS = YES_AGGRESSIVE;
				GCC_WARN_UNUSED_FUNCTION = YES;
				GCC_WARN_UNUSED_VARIABLE = YES;
				IPHONEOS_DEPLOYMENT_TARGET = 15.5;
				MTL_ENABLE_DEBUG_INFO = NO;
				MTL_FAST_MATH = YES;
				SDKROOT = iphoneos;
				SWIFT_COMPILATION_MODE = wholemodule;
				SWIFT_OPTIMIZATION_LEVEL = "-O";
				VALIDATE_PRODUCT = YES;
			};
			name = Release;
		};
		8EADE30C29006E570058BF45 /* Debug */ = {
			isa = XCBuildConfiguration;
			buildSettings = {
				ASSETCATALOG_COMPILER_APPICON_NAME = AppIcon;
				ASSETCATALOG_COMPILER_GLOBAL_ACCENT_COLOR_NAME = AccentColor;
				CODE_SIGN_STYLE = Automatic;
				CURRENT_PROJECT_VERSION = 1;
				GENERATE_INFOPLIST_FILE = YES;
				INFOPLIST_FILE = "Virtual Tourist/Info.plist";
				INFOPLIST_KEY_UIApplicationSupportsIndirectInputEvents = YES;
				INFOPLIST_KEY_UILaunchStoryboardName = LaunchScreen;
				INFOPLIST_KEY_UIMainStoryboardFile = Main;
				INFOPLIST_KEY_UISupportedInterfaceOrientations_iPad = "UIInterfaceOrientationPortrait UIInterfaceOrientationPortraitUpsideDown UIInterfaceOrientationLandscapeLeft UIInterfaceOrientationLandscapeRight";
				INFOPLIST_KEY_UISupportedInterfaceOrientations_iPhone = "UIInterfaceOrientationPortrait UIInterfaceOrientationLandscapeLeft UIInterfaceOrientationLandscapeRight";
				LD_RUNPATH_SEARCH_PATHS = (
					"$(inherited)",
					"@executable_path/Frameworks",
				);
				MARKETING_VERSION = 1.0;
				PRODUCT_BUNDLE_IDENTIFIER = "AK.Virtual Tourist";
				PRODUCT_NAME = "$(TARGET_NAME)";
				SWIFT_EMIT_LOC_STRINGS = YES;
				SWIFT_VERSION = 5.0;
				TARGETED_DEVICE_FAMILY = "1,2";
			};
			name = Debug;
		};
		8EADE30D29006E570058BF45 /* Release */ = {
			isa = XCBuildConfiguration;
			buildSettings = {
				ASSETCATALOG_COMPILER_APPICON_NAME = AppIcon;
				ASSETCATALOG_COMPILER_GLOBAL_ACCENT_COLOR_NAME = AccentColor;
				CODE_SIGN_STYLE = Automatic;
				CURRENT_PROJECT_VERSION = 1;
				GENERATE_INFOPLIST_FILE = YES;
				INFOPLIST_FILE = "Virtual Tourist/Info.plist";
				INFOPLIST_KEY_UIApplicationSupportsIndirectInputEvents = YES;
				INFOPLIST_KEY_UILaunchStoryboardName = LaunchScreen;
				INFOPLIST_KEY_UIMainStoryboardFile = Main;
				INFOPLIST_KEY_UISupportedInterfaceOrientations_iPad = "UIInterfaceOrientationPortrait UIInterfaceOrientationPortraitUpsideDown UIInterfaceOrientationLandscapeLeft UIInterfaceOrientationLandscapeRight";
				INFOPLIST_KEY_UISupportedInterfaceOrientations_iPhone = "UIInterfaceOrientationPortrait UIInterfaceOrientationLandscapeLeft UIInterfaceOrientationLandscapeRight";
				LD_RUNPATH_SEARCH_PATHS = (
					"$(inherited)",
					"@executable_path/Frameworks",
				);
				MARKETING_VERSION = 1.0;
				PRODUCT_BUNDLE_IDENTIFIER = "AK.Virtual Tourist";
				PRODUCT_NAME = "$(TARGET_NAME)";
				SWIFT_EMIT_LOC_STRINGS = YES;
				SWIFT_VERSION = 5.0;
				TARGETED_DEVICE_FAMILY = "1,2";
			};
			name = Release;
		};
/* End XCBuildConfiguration section */

/* Begin XCConfigurationList section */
		8EADE2EF29006E520058BF45 /* Build configuration list for PBXProject "Virtual Tourist" */ = {
			isa = XCConfigurationList;
			buildConfigurations = (
				8EADE30929006E570058BF45 /* Debug */,
				8EADE30A29006E570058BF45 /* Release */,
			);
			defaultConfigurationIsVisible = 0;
			defaultConfigurationName = Release;
		};
		8EADE30B29006E570058BF45 /* Build configuration list for PBXNativeTarget "Virtual Tourist" */ = {
			isa = XCConfigurationList;
			buildConfigurations = (
				8EADE30C29006E570058BF45 /* Debug */,
				8EADE30D29006E570058BF45 /* Release */,
			);
			defaultConfigurationIsVisible = 0;
			defaultConfigurationName = Release;
		};
/* End XCConfigurationList section */

/* Begin XCVersionGroup section */
		8EB9B4A6298566CD004E79B9 /* Virtual Tourist.xcdatamodeld */ = {
			isa = XCVersionGroup;
			children = (
				8EB9B4A7298566CD004E79B9 /* Virtual_Tourist_AK_V1_3.xcdatamodel */,
			);
			currentVersion = 8EB9B4A7298566CD004E79B9 /* Virtual_Tourist_AK_V1_3.xcdatamodel */;
			path = "Virtual Tourist.xcdatamodeld";
			sourceTree = "<group>";
			versionGroupType = wrapper.xcdatamodel;
		};
/* End XCVersionGroup section */
	};
	rootObject = 8EADE2EC29006E520058BF45 /* Project object */;
}
